{
  "name": "@aionis/substrate",
  "version": "0.1.7",
  "lockfileVersion": 3,
  "requires": true,
  "packages": {
    "": {
      "name": "@aionis/substrate",
      "version": "0.1.7",
      "license": "Apache-2.0",
      "bin": {
        "aionis-substrate": "dist/cli.js"
      },
      "devDependencies": {
        "@types/node": "^26.0.1",
        "@zvec/zvec": "^0.5.0",
        "typescript": "^6.0.3"
      },
      "engines": {
        "node": ">=24"
      }
    },
    "node_modules/@types/node": {
      "version": "26.0.1",
      "resolved": "https://registry.npmjs.org/@types/node/-/node-26.0.1.tgz",
      "integrity": "sha512-fc3KiUoBt6kie0N9bIW3E47vZsuaMf0PM2AaUpLCLT0s/LvX1nxAim6Fc049cNxODPpGm6qRAuUOB86SkRuPQw==",
      "dev": true,
      "license": "MIT",
      "dependencies": {
        "undici-types": "~8.3.0"
      }
    },
    "node_modules/@zvec/bindings-darwin-arm64": {
      "version": "0.5.0",
      "resolved": "https://registry.npmjs.org/@zvec/bindings-darwin-arm64/-/bindings-darwin-arm64-0.5.0.tgz",
      "integrity": "sha512-NeM1XEvc/M0VTKx7dbr/dFsuPa0GbqNbjjAc+tl6NPO/ZYN1z8ORD2nGyheLFLayPBIVg6EliS7V9TIeV31RkQ==",
      "cpu": [
        "arm64"
      ],
      "dev": true,
      "license": "Apache-2.0",
      "optional": true,
      "os": [
        "darwin"
      ]
    },
    "node_modules/@zvec/bindings-linux-arm64": {
      "version": "0.5.0",
      "resolved": "https://registry.npmjs.org/@zvec/bindings-linux-arm64/-/bindings-linux-arm64-0.5.0.tgz",
      "integrity": "sha512-Mb3cd2ZHY4xoucpPWNQ/kZUleIsnbsfk1QP67iUPIKen6n+Lydt+S5urQUkfTs/oGv0aLt5i9+b4mzTpPlgsTQ==",
      "cpu": [
        "arm64"
      ],
      "dev": true,
      "license": "Apache-2.0",
      "optional": true,
      "os": [
        "linux"
      ]
    },
    "node_modules/@zvec/bindings-linux-x64": {
      "version": "0.5.0",
      "resolved": "https://registry.npmjs.org/@zvec/bindings-linux-x64/-/bindings-linux-x64-0.5.0.tgz",
      "integrity": "sha512-08Cj0xJgOmr0GFAWlUFPyJYq6ysLurcA7Enx4WClCBcbtwQaZ9SHc3A2VRqLZ8dgIm5Dei9ZbDnwMwgMO2yV0w==",
      "cpu": [
        "x64"
      ],
      "dev": true,
      "license": "Apache-2.0",
      "optional": true,
      "os": [
        "linux"
      ]
    },
    "node_modules/@zvec/bindings-win32-x64": {
      "version": "0.5.0",
      "resolved": "https://registry.npmjs.org/@zvec/bindings-win32-x64/-/bindings-win32-x64-0.5.0.tgz",
      "integrity": "sha512-EkpcCO4IEDhXYejrQPIgXO49vdicQl3vCsFn3AV/oRPjLsR4lgRCncveq4ejWRdnIIIzZX6nX0rZQ1V0KPJ62A==",
      "cpu": [
        "x64"
      ],
      "dev": true,
      "license": "Apache-2.0",
      "optional": true,
      "os": [
        "win32"
      ]
    },
    "node_modules/@zvec/zvec": {
      "version": "0.5.0",
      "resolved": "https://registry.npmjs.org/@zvec/zvec/-/zvec-0.5.0.tgz",
      "integrity": "sha512-00moPv7j7YByeoEdLbitGfd7GO9+dZrPex91S6htmB4ZYbmvdyxz3VWXYuIPnjiE7YPZoY6rdAEFk7MEfMnzxQ==",
      "dev": true,
      "hasInstallScript": true,
      "license": "Apache-2.0",
      "dependencies": {
        "bindings": "^1.5.0"
      },
      "optionalDependencies": {
        "@zvec/bindings-darwin-arm64": "0.5.0",
        "@zvec/bindings-linux-arm64": "0.5.0",
        "@zvec/bindings-linux-x64": "0.5.0",
        "@zvec/bindings-win32-x64": "0.5.0"
      }
    },
    "node_modules/bindings": {
      "version": "1.5.0",
      "resolved": "https://registry.npmjs.org/bindings/-/bindings-1.5.0.tgz",
      "integrity": "sha512-p2q/t/mhvuOj/UeLlV6566GD/guowlr0hHxClI0W9m7MWYkL1F0hLo+0Aexs9HSPCtR1SXQ0TD3MMKrXZajbiQ==",
      "dev": true,
      "license": "MIT",
      "dependencies": {
        "file-uri-to-path": "1.0.0"
      }
    },
    "node_modules/file-uri-to-path": {
      "version": "1.0.0",
      "resolved": "https://registry.npmjs.org/file-uri-to-path/-/file-uri-to-path-1.0.0.tgz",
      "integrity": "sha512-0Zt+s3L7Vf1biwWZ29aARiVYLx7iMGnEUl9x33fbB/j3jR81u/O2LbqK+Bm1CDSNDKVtJ/YjwY7TUd5SkeLQLw==",
      "dev": true,
      "license": "MIT"
    },
    "node_modules/typescript": {
      "version": "6.0.3",
      "resolved": "https://registry.npmjs.org/typescript/-/typescript-6.0.3.tgz",
      "integrity": "sha512-y2TvuxSZPDyQakkFRPZHKFm+KKVqIisdg9/CZwm9ftvKXLP8NRWj38/ODjNbr43SsoXqNuAisEf1GdCxqWcdBw==",
      "dev": true,
      "license": "Apache-2.0",
      "bin": {
        "tsc": "bin/tsc",
        "tsserver": "bin/tsserver"
      },
      "engines": {
        "node": ">=14.17"
      }
    },
    "node_modules/undici-types": {
      "version": "8.3.0",
      "resolved": "https://registry.npmjs.org/undici-types/-/undici-types-8.3.0.tgz",
      "integrity": "sha512-j375ScV60dom+YkPFIfTLcOiPxkN/buHz5GobjLhixFuANaNs3C9l4GmrWqejgXWJ7BbJcFYpTEUkS1Ge8bpZQ==",
      "dev": true,
      "license": "MIT"
    }
  }
}
